{
  "name": "new-micro",
  "version": "0.0.1",
  "lockfileVersion": 1,
  "dependencies": {
    "accepts": {
      "version": "1.3.3",
      "resolved": "https://registry.npmjs.org/accepts/-/accepts-1.3.3.tgz",
      "integrity": "sha1-w8p0NJOGSMPg2cHjKN1otiLChMo="
    },
    "archy": {
      "version": "https://registry.npmjs.org/archy/-/archy-1.0.0.tgz",
      "integrity": "sha1-+cjBN1fMHde8N5rHeyxipcKGjEA="
    },
    "array-flatten": {
      "version": "1.1.1",
      "resolved": "https://registry.npmjs.org/array-flatten/-/array-flatten-1.1.1.tgz",
      "integrity": "sha1-ml9pkFGx5wczKPKgCJaLZOopVdI="
    },
    "async": {
      "version": "https://registry.npmjs.org/async/-/async-2.0.1.tgz",
      "integrity": "sha1-twnMAoCpw28J9FNr6CPIOKkEniU=",
      "dependencies": {
        "lodash": {
          "version": "https://registry.npmjs.org/lodash/-/lodash-4.14.1.tgz",
          "integrity": "sha1-W10KUWrT1G4SAS1/Wa1mpWWb9Ag="
        }
      }
    },
    "auth-redirect": {
      "version": "https://registry.npmjs.org/auth-redirect/-/auth-redirect-0.0.4.tgz",
      "integrity": "sha1-Hc4Ss2YYQxRMBwVNf/0icVG5DJc=",
      "dependencies": {
        "lodash": {
          "version": "https://registry.npmjs.org/lodash/-/lodash-4.14.1.tgz",
          "integrity": "sha1-W10KUWrT1G4SAS1/Wa1mpWWb9Ag="
        }
      }
    },
    "auth-token-cookie": {
      "version": "https://registry.npmjs.org/auth-token-cookie/-/auth-token-cookie-0.0.5.tgz",
      "integrity": "sha1-qenakAH5MtvuiqC+4Zpwy/WTlSs=",
      "dependencies": {
        "eraro": {
          "version": "0.4.1",
          "resolved": "https://registry.npmjs.org/eraro/-/eraro-0.4.1.tgz",
          "integrity": "sha1-ZThzB2mh6J/8Pwx+LJTVofhmYp0=",
          "dependencies": {
            "lodash": {
              "version": "2.4.2",
              "resolved": "https://registry.npmjs.org/lodash/-/lodash-2.4.2.tgz",
              "integrity": "sha1-+t2DS5aDBz2hebPq5tnA0VBT9z4="
            }
          }
        },
        "lodash": {
          "version": "https://registry.npmjs.org/lodash/-/lodash-4.14.1.tgz",
          "integrity": "sha1-W10KUWrT1G4SAS1/Wa1mpWWb9Ag="
        }
      }
    },
    "auth-urlmatcher": {
      "version": "https://registry.npmjs.org/auth-urlmatcher/-/auth-urlmatcher-0.0.5.tgz",
      "integrity": "sha1-VWAVFeKb3iozXY292H/xBAVF8YQ=",
      "dependencies": {
        "lodash": {
          "version": "https://registry.npmjs.org/lodash/-/lodash-4.14.1.tgz",
          "integrity": "sha1-W10KUWrT1G4SAS1/Wa1mpWWb9Ag="
        }
      }
    },
    "base64-url": {
      "version": "https://registry.npmjs.org/base64-url/-/base64-url-1.3.2.tgz",
      "integrity": "sha1-SwgRO0nSOInzBr5kNydi0xQS96g="
    },
    "base64url": {
      "version": "https://registry.npmjs.org/base64url/-/base64url-1.0.6.tgz",
      "integrity": "sha1-1k03XWinxkDZEuI1jRcNylu1RoE="
    },
    "bluebird": {
      "version": "https://registry.npmjs.org/bluebird/-/bluebird-2.10.2.tgz",
      "integrity": "sha1-AkpVFylTCIV/FPkfEQb8O1VfRGs="
    },
    "body-parser": {
      "version": "1.17.2",
      "resolved": "https://registry.npmjs.org/body-parser/-/body-parser-1.17.2.tgz",
      "integrity": "sha1-+IkqvI+eYn1Crtr7yma/WrmRBO4=",
      "dependencies": {
        "debug": {
          "version": "2.6.7",
          "resolved": "https://registry.npmjs.org/debug/-/debug-2.6.7.tgz",
          "integrity": "sha1-krrR9tBbu2u6Isyoi80OyJTChh4="
        },
        "http-errors": {
          "version": "1.6.1",
          "resolved": "https://registry.npmjs.org/http-errors/-/http-errors-1.6.1.tgz",
          "integrity": "sha1-X4uO2YrKVFZWv1cplzh/kEpyIlc="
        },
        "iconv-lite": {
          "version": "0.4.15",
          "resolved": "https://registry.npmjs.org/iconv-lite/-/iconv-lite-0.4.15.tgz",
          "integrity": "sha1-/iZaIYrGpXz+hUkn6dBMGYJe3es="
        },
        "inherits": {
          "version": "2.0.3",
          "resolved": "https://registry.npmjs.org/inherits/-/inherits-2.0.3.tgz",
          "integrity": "sha1-Yzwsg+PaQqUC9SRmAiSA9CCCYd4="
        },
        "mime-db": {
          "version": "1.27.0",
          "resolved": "https://registry.npmjs.org/mime-db/-/mime-db-1.27.0.tgz",
          "integrity": "sha1-gg9XIpa70g7CXtVeW13oaeVDbrE="
        },
        "mime-types": {
          "version": "2.1.15",
          "resolved": "https://registry.npmjs.org/mime-types/-/mime-types-2.1.15.tgz",
          "integrity": "sha1-pOv1BkCUVpI3uM9wBGd20J/JKu0="
        },
        "ms": {
          "version": "2.0.0",
          "resolved": "https://registry.npmjs.org/ms/-/ms-2.0.0.tgz",
          "integrity": "sha1-VgiurfwAvmwpAd9fmGF4jeDVl8g="
        },
        "qs": {
          "version": "6.4.0",
          "resolved": "https://registry.npmjs.org/qs/-/qs-6.4.0.tgz",
          "integrity": "sha1-E+JtKK1rD/qpExLNO/cI7TUecjM="
        },
        "raw-body": {
          "version": "2.2.0",
          "resolved": "https://registry.npmjs.org/raw-body/-/raw-body-2.2.0.tgz",
          "integrity": "sha1-mUl2z2pQlqQRYoQEkvC9xdbn+5Y="
        },
        "setprototypeof": {
          "version": "1.0.3",
          "resolved": "https://registry.npmjs.org/setprototypeof/-/setprototypeof-1.0.3.tgz",
          "integrity": "sha1-ZlZ+NwQ+608E2RvWWMDL77VbjgQ="
        },
        "statuses": {
          "version": "1.3.1",
          "resolved": "https://registry.npmjs.org/statuses/-/statuses-1.3.1.tgz",
          "integrity": "sha1-+vUbnrdKrvOzrPStX2Gr8ky3uT4="
        },
        "type-is": {
          "version": "1.6.15",
          "resolved": "https://registry.npmjs.org/type-is/-/type-is-1.6.15.tgz",
          "integrity": "sha1-yrEPtJCeRByChC6v4a1kbIGARBA="
        }
      }
    },
    "buffer-equal-constant-time": {
      "version": "https://registry.npmjs.org/buffer-equal-constant-time/-/buffer-equal-constant-time-1.0.1.tgz",
      "integrity": "sha1-+OcRMvf/5uAaXJaXpMbz5I1cyBk="
    },
    "buffer-shims": {
      "version": "1.0.0",
      "resolved": "https://registry.npmjs.org/buffer-shims/-/buffer-shims-1.0.0.tgz",
      "integrity": "sha1-mXjOMXOIxkmth5MCjDR37wRKi1E="
    },
    "bytes": {
      "version": "https://registry.npmjs.org/bytes/-/bytes-2.4.0.tgz",
      "integrity": "sha1-fZcZb51br39pNeJZhVSe3SpsIzk="
    },
    "camelcase": {
      "version": "https://registry.npmjs.org/camelcase/-/camelcase-1.2.1.tgz",
      "integrity": "sha1-m7UwTS4LVmmLLHWLCKPqqdqlijk="
    },
    "camelcase-keys": {
      "version": "https://registry.npmjs.org/camelcase-keys/-/camelcase-keys-1.0.0.tgz",
      "integrity": "sha1-vRoRv5sxoc5JNJOpMN4aC69K1+w="
    },
    "clone": {
      "version": "https://registry.npmjs.org/clone/-/clone-1.0.2.tgz",
      "integrity": "sha1-Jgt6meux7f4kdTgXX3gyQ8sZ0Uk="
    },
    "commander": {
      "version": "https://registry.npmjs.org/commander/-/commander-2.9.0.tgz",
      "integrity": "sha1-nJkJQXbhIkDLItbFFGCYQA/g99Q="
    },
    "concat-stream": {
      "version": "https://registry.npmjs.org/concat-stream/-/concat-stream-1.4.10.tgz",
      "integrity": "sha1-rMO79WAsuMyYDGrIQPp9hgPj7zY=",
      "dependencies": {
        "readable-stream": {
          "version": "https://registry.npmjs.org/readable-stream/-/readable-stream-1.1.14.tgz",
          "integrity": "sha1-fPTFTvZI44EwhMY23SB54WbAgdk="
        }
      }
    },
    "connect": {
      "version": "https://registry.npmjs.org/connect/-/connect-3.4.1.tgz",
      "integrity": "sha1-ohNh0/QJnvdhzabcSpc7seuwo00=",
      "dependencies": {
        "finalhandler": {
          "version": "https://registry.npmjs.org/finalhandler/-/finalhandler-0.4.1.tgz",
          "integrity": "sha1-haF8bFmpRxfSYtYSMNSw6+PUoU0="
        }
      }
    },
    "content-disposition": {
      "version": "0.5.1",
      "resolved": "https://registry.npmjs.org/content-disposition/-/content-disposition-0.5.1.tgz",
      "integrity": "sha1-h0dsamfI2qh+Muh2Ft+IO6f7Bxs="
    },
    "content-type": {
      "version": "https://registry.npmjs.org/content-type/-/content-type-1.0.2.tgz",
      "integrity": "sha1-t9ETrueo3Se9IRM8TcJSnfFyHu0="
    },
    "cookie": {
      "version": "0.3.1",
      "resolved": "https://registry.npmjs.org/cookie/-/cookie-0.3.1.tgz",
      "integrity": "sha1-5+Ch+e9DtMi6klxcWpboBtFoc7s="
    },
    "cookie-signature": {
      "version": "1.0.6",
      "resolved": "https://registry.npmjs.org/cookie-signature/-/cookie-signature-1.0.6.tgz",
      "integrity": "sha1-4wOogrNCzD7oylE6eZmXNNqzriw="
    },
    "cookies": {
      "version": "https://registry.npmjs.org/cookies/-/cookies-0.6.1.tgz",
      "integrity": "sha1-72k7G8bwH1Z9RuL1BOnBX7cMupA="
    },
    "core-util-is": {
      "version": "https://registry.npmjs.org/core-util-is/-/core-util-is-1.0.2.tgz",
      "integrity": "sha1-tf1UIgqivFq1eqtxQMlAdUUDwac="
    },
    "debug": {
      "version": "https://registry.npmjs.org/debug/-/debug-2.2.0.tgz",
      "integrity": "sha1-+HBX6ZWxofauaklgZkE3vFbwOdo="
    },
    "depd": {
      "version": "https://registry.npmjs.org/depd/-/depd-1.1.0.tgz",
      "integrity": "sha1-4b2Cxqq2ztlluXuIsX7T5SjKGMM="
    },
    "destroy": {
      "version": "1.0.4",
      "resolved": "https://registry.npmjs.org/destroy/-/destroy-1.0.4.tgz",
      "integrity": "sha1-l4hXRCxEdJ5CBmE+N5RiBYJqvYA="
    },
    "dotenv": {
      "version": "https://registry.npmjs.org/dotenv/-/dotenv-2.0.0.tgz",
      "integrity": "sha1-vXWcNXqqcDZeAclrewvsCKbg2Uk="
    },
    "ecdsa-sig-formatter": {
      "version": "https://registry.npmjs.org/ecdsa-sig-formatter/-/ecdsa-sig-formatter-1.0.7.tgz",
      "integrity": "sha1-MTfpdqHWIyUX4lE+BOMveby98SY="
    },
    "ee-first": {
      "version": "https://registry.npmjs.org/ee-first/-/ee-first-1.1.1.tgz",
      "integrity": "sha1-WQxhFWsK4vTwJVcyoViyZrxWsh0="
    },
    "encodeurl": {
      "version": "1.0.1",
      "resolved": "https://registry.npmjs.org/encodeurl/-/encodeurl-1.0.1.tgz",
      "integrity": "sha1-eePVhlU0aQn+bw9Fpd5oEDspTSA="
    },
    "escape-html": {
      "version": "https://registry.npmjs.org/escape-html/-/escape-html-1.0.3.tgz",
      "integrity": "sha1-Aljq5NPQwJdN4cFpGI7wBR0dGYg="
    },
    "etag": {
      "version": "1.7.0",
      "resolved": "https://registry.npmjs.org/etag/-/etag-1.7.0.tgz",
      "integrity": "sha1-A9MLX2fdbmMtKUXTDWZScxo01dg="
    },
    "express": {
      "version": "4.14.0",
      "resolved": "https://registry.npmjs.org/express/-/express-4.14.0.tgz",
      "integrity": "sha1-we4/Qs3Ikfs9xlCoki1R7IR9DWY="
    },
    "farmhash": {
      "version": "https://registry.npmjs.org/farmhash/-/farmhash-1.2.0.tgz",
      "integrity": "sha1-tPtiU1z/slUfY+37S9zxHdxm+20="
    },
    "finalhandler": {
      "version": "0.5.0",
      "resolved": "https://registry.npmjs.org/finalhandler/-/finalhandler-0.5.0.tgz",
      "integrity": "sha1-6VCKvs6bbbqHGmlCodeRG5GRGsc="
    },
    "forwarded": {
      "version": "0.1.0",
      "resolved": "https://registry.npmjs.org/forwarded/-/forwarded-0.1.0.tgz",
      "integrity": "sha1-Ge+YdMSuHCl7zweP3mOgm2aoQ2M="
    },
    "fresh": {
      "version": "0.3.0",
      "resolved": "https://registry.npmjs.org/fresh/-/fresh-0.3.0.tgz",
      "integrity": "sha1-ZR+DjiJCTnVm3hYdg1jKoZn4PU8="
    },
    "get-stdin": {
      "version": "https://registry.npmjs.org/get-stdin/-/get-stdin-4.0.1.tgz",
      "integrity": "sha1-uWjGsKBDhDJJAui/Gl3zJXmkUP4="
    },
    "gex": {
      "version": "https://registry.npmjs.org/gex/-/gex-0.2.2.tgz",
      "integrity": "sha1-LUCdJDCVlwjaVc9WKUxk9tiXNIc=",
      "dependencies": {
        "lodash": {
          "version": "https://registry.npmjs.org/lodash/-/lodash-3.10.0.tgz",
          "integrity": "sha1-k9UcZygopEFqEq9XIguoqHN+L7s="
        }
      }
    },
    "graceful-readlink": {
      "version": "https://registry.npmjs.org/graceful-readlink/-/graceful-readlink-1.0.1.tgz",
      "integrity": "sha1-TK+tdrxi8C+gObL5Tpo906ORpyU="
    },
    "hoek": {
      "version": "https://registry.npmjs.org/hoek/-/hoek-4.0.1.tgz",
      "integrity": "sha1-FAsWVI/hYm2R0k9JFMRMi/2pUuM="
    },
    "http-errors": {
      "version": "1.5.1",
      "resolved": "https://registry.npmjs.org/http-errors/-/http-errors-1.5.1.tgz",
      "integrity": "sha1-eIwNLB3iyBuebowBhDtrl+uSB1A=",
      "dependencies": {
        "inherits": {
          "version": "2.0.3",
          "resolved": "https://registry.npmjs.org/inherits/-/inherits-2.0.3.tgz",
          "integrity": "sha1-Yzwsg+PaQqUC9SRmAiSA9CCCYd4="
        }
      }
    },
    "indent-string": {
      "version": "https://registry.npmjs.org/indent-string/-/indent-string-1.2.2.tgz",
      "integrity": "sha1-25m8xYPrarux5I3LsZmamGBBy2s="
    },
    "inherits": {
      "version": "https://registry.npmjs.org/inherits/-/inherits-2.0.1.tgz",
      "integrity": "sha1-sX0I0ya0Qj5Wjv9xn5GwscvfafE="
    },
    "ip": {
      "version": "https://registry.npmjs.org/ip/-/ip-1.1.3.tgz",
      "integrity": "sha1-ErFilKOJJUhtYYoRA1BuTrT4spY="
    },
    "ipaddr.js": {
      "version": "1.3.0",
      "resolved": "https://registry.npmjs.org/ipaddr.js/-/ipaddr.js-1.3.0.tgz",
      "integrity": "sha1-HgOlL9rYOou7KyXL9JmLTP/NPew="
    },
    "is-finite": {
      "version": "https://registry.npmjs.org/is-finite/-/is-finite-1.0.1.tgz",
      "integrity": "sha1-ZDhgPq6+J5OUj/SkJi7I2z1iWXs="
    },
    "isarray": {
      "version": "https://registry.npmjs.org/isarray/-/isarray-0.0.1.tgz",
      "integrity": "sha1-ihis/Kmo9Bd+Cav8YDiTmwXR7t8="
    },
    "isemail": {
      "version": "https://registry.npmjs.org/isemail/-/isemail-2.2.1.tgz",
      "integrity": "sha1-A1PT2aYpUQgMJiwqoKQrjqjp4qY="
    },
    "items": {
      "version": "https://registry.npmjs.org/items/-/items-2.1.1.tgz",
      "integrity": "sha1-i9FtnIOxlSneWuoyGsqtp4NkoZg="
    },
    "joi": {
      "version": "https://registry.npmjs.org/joi/-/joi-9.0.4.tgz",
      "integrity": "sha1-iNZIkJFavrEnzXVwJxFtUN8+aN8="
    },
    "json-stringify-safe": {
      "version": "https://registry.npmjs.org/json-stringify-safe/-/json-stringify-safe-5.0.1.tgz",
      "integrity": "sha1-Epai1Y/UXxmg9s4B1lcB4sc1tus="
    },
    "jsonic": {
      "version": "https://registry.npmjs.org/jsonic/-/jsonic-0.2.2.tgz",
      "integrity": "sha1-Enu5nfTYIWUsSKI9AlzysW5hhJE="
    },
    "jsonwebtoken": {
      "version": "https://registry.npmjs.org/jsonwebtoken/-/jsonwebtoken-7.1.7.tgz",
      "integrity": "sha1-NpO6iZvk0VqgbuBgi5EuEQCYS/M=",
      "dependencies": {
        "hoek": {
          "version": "https://registry.npmjs.org/hoek/-/hoek-2.16.3.tgz",
          "integrity": "sha1-ILt0A9POo5jpHcRxCo/xuCdKJe0="
        },
        "isemail": {
          "version": "https://registry.npmjs.org/isemail/-/isemail-1.2.0.tgz",
          "integrity": "sha1-vgPfjMPineTSxd9lASY/H6RZXpo="
        },
        "joi": {
          "version": "https://registry.npmjs.org/joi/-/joi-6.10.1.tgz",
          "integrity": "sha1-TVDDGAeRIgAP5fFq8f+OGRe3fgY="
        },
        "topo": {
          "version": "https://registry.npmjs.org/topo/-/topo-1.1.0.tgz",
          "integrity": "sha1-6ddRYV0buH3IZdsYL6HKCl71NtU="
        }
      }
    },
    "jwa": {
      "version": "https://registry.npmjs.org/jwa/-/jwa-1.1.3.tgz",
      "integrity": "sha1-+p8vAF/wxjDnxBUmox8395czzW0="
    },
    "jws": {
      "version": "https://registry.npmjs.org/jws/-/jws-3.1.3.tgz",
      "integrity": "sha1-uI8bRYGixe6IE8BrP9+Q6ptcfmw="
    },
    "keygrip": {
      "version": "https://registry.npmjs.org/keygrip/-/keygrip-1.0.1.tgz",
      "integrity": "sha1-sC+kgW7vIajEs1yp5Skh/8iaMOk="
    },
    "lodash": {
      "version": "4.17.4",
      "resolved": "https://registry.npmjs.org/lodash/-/lodash-4.17.4.tgz",
      "integrity": "sha1-eCA6TRwyiuHYbcpkYONptX9AVa4="
    },
    "lodash.once": {
      "version": "https://registry.npmjs.org/lodash.once/-/lodash.once-4.1.0.tgz",
      "integrity": "sha1-uyOMHvzsInidJqZZU/yUr0Cdw8Q="
    },
    "map-obj": {
      "version": "https://registry.npmjs.org/map-obj/-/map-obj-1.0.1.tgz",
      "integrity": "sha1-2TPOuSBdgr3PSIb2dCvcK03qFG0="
    },
    "media-typer": {
      "version": "https://registry.npmjs.org/media-typer/-/media-typer-0.3.0.tgz",
      "integrity": "sha1-hxDXrwqmJvj/+hzgAWhUUmMlV0g="
    },
    "meow": {
      "version": "https://registry.npmjs.org/meow/-/meow-2.0.0.tgz",
      "integrity": "sha1-j1MKjs9dQNP0tN+Tw0cpAPuiqPE="
    },
    "merge-descriptors": {
      "version": "1.0.1",
      "resolved": "https://registry.npmjs.org/merge-descriptors/-/merge-descriptors-1.0.1.tgz",
      "integrity": "sha1-sAqqVW3YtEVoFQ7J0blT8/kMu2E="
    },
    "methods": {
      "version": "1.1.2",
      "resolved": "https://registry.npmjs.org/methods/-/methods-1.1.2.tgz",
      "integrity": "sha1-VSmk1nZUE07cxSZmVoNbD4Ua/O4="
    },
    "mime": {
      "version": "1.3.4",
      "resolved": "https://registry.npmjs.org/mime/-/mime-1.3.4.tgz",
      "integrity": "sha1-EV+eO2s9rylZmDyzjxSaLUDrXVM="
    },
    "mime-db": {
      "version": "1.27.0",
      "resolved": "https://registry.npmjs.org/mime-db/-/mime-db-1.27.0.tgz",
      "integrity": "sha1-gg9XIpa70g7CXtVeW13oaeVDbrE="
    },
    "mime-types": {
      "version": "2.1.15",
      "resolved": "https://registry.npmjs.org/mime-types/-/mime-types-2.1.15.tgz",
      "integrity": "sha1-pOv1BkCUVpI3uM9wBGd20J/JKu0="
    },
    "minimist": {
      "version": "https://registry.npmjs.org/minimist/-/minimist-1.2.0.tgz",
      "integrity": "sha1-o1AIsg9BOD7sH7kU9M1d95omQoQ="
    },
    "moment": {
      "version": "https://registry.npmjs.org/moment/-/moment-2.14.1.tgz",
      "integrity": "sha1-s1snxH5X7S3ccAU9awe+zbKRdBw="
    },
    "mongoose": {
      "version": "4.11.3",
      "resolved": "https://registry.npmjs.org/mongoose/-/mongoose-4.11.3.tgz",
      "integrity": "sha1-+T1CeygsLnmLD+FTL7Qafd5umNM=",
      "dependencies": {
        "async": {
          "version": "2.1.4",
          "resolved": "https://registry.npmjs.org/async/-/async-2.1.4.tgz",
          "integrity": "sha1-LSFgx3iAMuTdbL4lAvH5osj2zeQ="
        },
        "bson": {
          "version": "1.0.4",
          "resolved": "https://registry.npmjs.org/bson/-/bson-1.0.4.tgz",
          "integrity": "sha1-k8ENOeqltYQVy8QFLz5T5WKwtyw="
        },
        "debug": {
          "version": "2.6.8",
          "resolved": "https://registry.npmjs.org/debug/-/debug-2.6.8.tgz",
          "integrity": "sha1-5zFTHKLt4n0YgiJCfaF4IdaP9Pw="
        },
        "es6-promise": {
          "version": "3.2.1",
          "resolved": "https://registry.npmjs.org/es6-promise/-/es6-promise-3.2.1.tgz",
          "integrity": "sha1-7FYjOGgDKQkgcXDDlEjiREndH8Q="
        },
        "hooks-fixed": {
          "version": "2.0.0",
          "resolved": "https://registry.npmjs.org/hooks-fixed/-/hooks-fixed-2.0.0.tgz",
          "integrity": "sha1-oB2JTVKsf2WZu7H2PfycQR33DLo="
        },
        "isarray": {
          "version": "1.0.0",
          "resolved": "https://registry.npmjs.org/isarray/-/isarray-1.0.0.tgz",
          "integrity": "sha1-u5NdSFgsuhaMBoNJV6VKPgcSTxE="
        },
        "kareem": {
          "version": "1.4.2",
          "resolved": "https://registry.npmjs.org/kareem/-/kareem-1.4.2.tgz",
          "integrity": "sha1-O0r12/rzrBwIuOVRj92BupDCq3I="
        },
        "mongodb": {
          "version": "2.2.27",
          "resolved": "https://registry.npmjs.org/mongodb/-/mongodb-2.2.27.tgz",
          "integrity": "sha1-NBIgNNtm2YO89qta2yaiSnD+9uY="
        },
        "mongodb-core": {
          "version": "2.1.11",
          "resolved": "https://registry.npmjs.org/mongodb-core/-/mongodb-core-2.1.11.tgz",
          "integrity": "sha1-HDh3bOsXSZepnCiGDu2QKNqbPho="
        },
        "mpath": {
          "version": "0.3.0",
          "resolved": "https://registry.npmjs.org/mpath/-/mpath-0.3.0.tgz",
          "integrity": "sha1-elj3iem1/TyUUgY0FXlg8mvV70Q="
        },
        "mquery": {
          "version": "2.3.1",
          "resolved": "https://registry.npmjs.org/mquery/-/mquery-2.3.1.tgz",
          "integrity": "sha1-mrNnSXFIAP8LtTpoHOS8TV8HyHs=",
          "dependencies": {
            "sliced": {
              "version": "0.0.5",
              "resolved": "https://registry.npmjs.org/sliced/-/sliced-0.0.5.tgz",
              "integrity": "sha1-XtwETKTrb3gW1Qui/GPiXY/kcH8="
            }
          }
        },
        "ms": {
          "version": "2.0.0",
          "resolved": "https://registry.npmjs.org/ms/-/ms-2.0.0.tgz",
          "integrity": "sha1-VgiurfwAvmwpAd9fmGF4jeDVl8g="
        },
        "muri": {
          "version": "1.2.2",
          "resolved": "https://registry.npmjs.org/muri/-/muri-1.2.2.tgz",
          "integrity": "sha1-YxmBMmUNsIoEzHnM0A3Tia/SYxw="
        },
        "readable-stream": {
          "version": "2.2.7",
          "resolved": "https://registry.npmjs.org/readable-stream/-/readable-stream-2.2.7.tgz",
          "integrity": "sha1-BwV6y+JGeyIELTb5jFrVBwVOlbE="
        },
        "string_decoder": {
          "version": "1.0.3",
          "resolved": "https://registry.npmjs.org/string_decoder/-/string_decoder-1.0.3.tgz",
          "integrity": "sha512-4AH6Z5fzNNBcH+6XDMfA/BTt87skxqJlO0lAh3Dker5zThcAxG6mKz+iGu308UKoPPQ8Dcqx/4JhujzltRa+hQ=="
        }
      }
    },
    "mpromise": {
      "version": "https://registry.npmjs.org/mpromise/-/mpromise-0.5.5.tgz",
      "integrity": "sha1-9bJCWddjrMIlewoMjG2Gb9UXMuY="
    },
    "ms": {
      "version": "https://registry.npmjs.org/ms/-/ms-0.7.1.tgz",
      "integrity": "sha1-nNE8A62/8ltl7/3nzoZO6VIBcJg="
    },
    "msgpack": {
      "version": "https://registry.npmjs.org/msgpack/-/msgpack-1.0.2.tgz",
      "integrity": "sha1-kj4sXP+mXIQY6bIo0RJHk5acQpw="
    },
    "nan": {
      "version": "https://registry.npmjs.org/nan/-/nan-2.4.0.tgz",
      "integrity": "sha1-+zxZ1F/k7/4hXwuJD4rfbrMtIjI="
    },
    "ndjson": {
      "version": "https://registry.npmjs.org/ndjson/-/ndjson-1.4.3.tgz",
      "integrity": "sha1-eqAm/jqzin2horStB7EAjnM+sjk="
    },
    "negotiator": {
      "version": "0.6.1",
      "resolved": "https://registry.npmjs.org/negotiator/-/negotiator-0.6.1.tgz",
      "integrity": "sha1-KzJxhOiZIQEXeyhWP7XnECrNDKk="
    },
    "nid": {
      "version": "https://registry.npmjs.org/nid/-/nid-0.3.2.tgz",
      "integrity": "sha1-l3qTGO1cKjjt1mJj8+r9gUPyJRo="
    },
    "node-discover": {
      "version": "https://registry.npmjs.org/node-discover/-/node-discover-0.6.0.tgz",
      "integrity": "sha1-ajFvVTeqTeyQbpywQ6ArT9NEs2Q="
    },
    "node-uuid": {
      "version": "https://registry.npmjs.org/node-uuid/-/node-uuid-1.4.7.tgz",
      "integrity": "sha1-baWhdmjEs91ZYjvaEc9/pMH2Cm8="
    },
    "norma": {
      "version": "https://registry.npmjs.org/norma/-/norma-0.3.0.tgz",
      "integrity": "sha1-JyZcNBEBjDLJPucZ9pLPkN7Fq2Q=",
      "dependencies": {
        "eraro": {
          "version": "0.4.1",
          "resolved": "https://registry.npmjs.org/eraro/-/eraro-0.4.1.tgz",
          "integrity": "sha1-ZThzB2mh6J/8Pwx+LJTVofhmYp0="
        },
        "lodash": {
          "version": "https://registry.npmjs.org/lodash/-/lodash-2.4.2.tgz",
          "integrity": "sha1-+t2DS5aDBz2hebPq5tnA0VBT9z4="
        }
      }
    },
    "number-is-nan": {
      "version": "https://registry.npmjs.org/number-is-nan/-/number-is-nan-1.0.0.tgz",
      "integrity": "sha1-wCD1KcUoKt/dIz2R1LGBw9aG3Es="
    },
    "object-assign": {
      "version": "https://registry.npmjs.org/object-assign/-/object-assign-1.0.0.tgz",
      "integrity": "sha1-5l3Idm07R7S4MHRlyDEdoDCwcKY="
    },
    "on-finished": {
      "version": "https://registry.npmjs.org/on-finished/-/on-finished-2.3.0.tgz",
      "integrity": "sha1-IPEzZIGwg811M3mSoWlxqi2QaUc="
    },
    "optioner": {
      "version": "https://registry.npmjs.org/optioner/-/optioner-0.8.0.tgz",
      "integrity": "sha1-5hhOs3m0NODl+Ev5fcvIDkCDwbI="
    },
    "ordu": {
      "version": "0.1.1",
      "resolved": "https://registry.npmjs.org/ordu/-/ordu-0.1.1.tgz",
      "integrity": "sha1-nIEJSTaTyvCCmfyoTFlq64YLrqo="
    },
    "parseurl": {
      "version": "https://registry.npmjs.org/parseurl/-/parseurl-1.3.1.tgz",
      "integrity": "sha1-yKuMkiO6NIiKpkopeyiFO+wY2lY="
    },
    "passport": {
      "version": "https://registry.npmjs.org/passport/-/passport-0.3.2.tgz",
      "integrity": "sha1-ndAJ+RXo/glbASSgG4+C2gdRAQI="
    },
    "passport-local": {
      "version": "https://registry.npmjs.org/passport-local/-/passport-local-1.0.0.tgz",
      "integrity": "sha1-H+YyaMkudWBmJkN+O5BmYsFbpu4="
    },
    "passport-strategy": {
      "version": "https://registry.npmjs.org/passport-strategy/-/passport-strategy-1.0.0.tgz",
      "integrity": "sha1-tVOaqPwiWj0a0XlHbd8ja0QPUuQ="
    },
    "path-to-regexp": {
      "version": "0.1.7",
      "resolved": "https://registry.npmjs.org/path-to-regexp/-/path-to-regexp-0.1.7.tgz",
      "integrity": "sha1-32BBeABfUi8V60SQ5yR6G/qmf4w="
    },
    "pause": {
      "version": "https://registry.npmjs.org/pause/-/pause-0.0.1.tgz",
      "integrity": "sha1-HUCLP9t2kjuVQ9lvtMnf1TXZy10="
    },
    "precond": {
      "version": "0.2.3",
      "resolved": "https://registry.npmjs.org/precond/-/precond-0.2.3.tgz",
      "integrity": "sha1-qpWRvKokkj8eD0hJ0kD0fvwQdaw="
    },
    "process-nextick-args": {
      "version": "1.0.7",
      "resolved": "https://registry.npmjs.org/process-nextick-args/-/process-nextick-args-1.0.7.tgz",
      "integrity": "sha1-FQ4gt1ZZCtP5EJPyWk8q2L/zC6M="
    },
    "proxy-addr": {
      "version": "1.1.4",
      "resolved": "https://registry.npmjs.org/proxy-addr/-/proxy-addr-1.1.4.tgz",
      "integrity": "sha1-J+VF9pYKRKYn2bREZ+NcG2tM4vM="
    },
    "pseudomap": {
      "version": "https://registry.npmjs.org/pseudomap/-/pseudomap-1.0.2.tgz",
      "integrity": "sha1-8FKijacOYYkX7wqKw0wa5aaChrM="
    },
    "qs": {
      "version": "6.2.0",
      "resolved": "https://registry.npmjs.org/qs/-/qs-6.2.0.tgz",
      "integrity": "sha1-O3hIwDwt7OaalSKw+ujEEm10Xzs="
    },
    "range-parser": {
      "version": "1.2.0",
      "resolved": "https://registry.npmjs.org/range-parser/-/range-parser-1.2.0.tgz",
      "integrity": "sha1-9JvmtIeJTdxA3MlKMi9hEJLgDV4="
    },
    "readable-stream": {
      "version": "https://registry.npmjs.org/readable-stream/-/readable-stream-1.0.34.tgz",
      "integrity": "sha1-Elgg40vIQtLyqq+v5MKRbuMsFXw="
    },
    "regexp-clone": {
      "version": "https://registry.npmjs.org/regexp-clone/-/regexp-clone-0.0.1.tgz",
      "integrity": "sha1-p8LgmJH9vzj7sQ03b7cwA+aKxYk="
    },
    "repeating": {
      "version": "https://registry.npmjs.org/repeating/-/repeating-1.1.3.tgz",
      "integrity": "sha1-PUEUIYh3U3SU+X93+Xhfq4EPpKw="
    },
    "require_optional": {
      "version": "https://registry.npmjs.org/require_optional/-/require_optional-1.0.0.tgz",
      "integrity": "sha1-UqhhN6hJco62ClVTNhf4+RT1mr8="
    },
    "resolve-from": {
      "version": "https://registry.npmjs.org/resolve-from/-/resolve-from-2.0.0.tgz",
      "integrity": "sha1-lICrIOlP+h2egKgEx+oUdhGWa1c="
    },
    "rif": {
      "version": "https://registry.npmjs.org/rif/-/rif-0.3.0.tgz",
      "integrity": "sha1-aa3Lq8u/rAoRSUlGPRph4ttAkXQ="
    },
    "rolling-stats": {
      "version": "https://registry.npmjs.org/rolling-stats/-/rolling-stats-0.1.1.tgz",
      "integrity": "sha1-zVr3dKiJOzCmdIMvovSrqkeM/IA="
    },
    "safe-buffer": {
      "version": "5.1.1",
      "resolved": "https://registry.npmjs.org/safe-buffer/-/safe-buffer-5.1.1.tgz",
      "integrity": "sha512-kKvNJn6Mm93gAczWVJg7wH+wGYWNrDHdWvpUmHyEsgCtIwwo3bqPtV4tR5tuPaUhTOo/kvhVwd8XwwOllGYkbg=="
    },
    "semver": {
      "version": "https://registry.npmjs.org/semver/-/semver-5.1.0.tgz",
      "integrity": "sha1-hfLPhVBGXE3wAM99hvawVBBqueU="
    },
    "send": {
      "version": "0.14.1",
      "resolved": "https://registry.npmjs.org/send/-/send-0.14.1.tgz",
      "integrity": "sha1-qVSYQyU5L1FTKndgdg5FlZjIn3o="
    },
    "seneca": {
      "version": "3.4.1",
      "resolved": "https://registry.npmjs.org/seneca/-/seneca-3.4.1.tgz",
      "integrity": "sha1-HMJSy/8JF63I2r6emT1F+q21qL4=",
      "dependencies": {
        "backoff": {
          "version": "2.5.0",
          "resolved": "https://registry.npmjs.org/backoff/-/backoff-2.5.0.tgz",
          "integrity": "sha1-9hbtqdPktmuMp/ynn2lXIsX44m8="
        },
        "boom": {
          "version": "3.2.2",
          "resolved": "https://registry.npmjs.org/boom/-/boom-3.2.2.tgz",
          "integrity": "sha1-DwzF0ErcUAO4x9cfQsynJx/vDng="
        },
        "eraro": {
          "version": "0.4.1",
          "resolved": "https://registry.npmjs.org/eraro/-/eraro-0.4.1.tgz",
          "integrity": "sha1-ZThzB2mh6J/8Pwx+LJTVofhmYp0=",
          "dependencies": {
            "lodash": {
              "version": "2.4.2",
              "resolved": "https://registry.npmjs.org/lodash/-/lodash-2.4.2.tgz",
              "integrity": "sha1-+t2DS5aDBz2hebPq5tnA0VBT9z4="
            }
          }
        },
        "gate-executor": {
          "version": "1.1.1",
          "resolved": "https://registry.npmjs.org/gate-executor/-/gate-executor-1.1.1.tgz",
          "integrity": "sha1-Zn9ncoSg2+hrbEigtK/oxISBLK8="
        },
        "jsonic": {
          "version": "0.3.0",
          "resolved": "https://registry.npmjs.org/jsonic/-/jsonic-0.3.0.tgz",
          "integrity": "sha1-tUXalfVDkuWLPdoF9fLjd6bJ0b8="
        },
        "lodash": {
          "version": "4.17.4",
          "resolved": "https://registry.npmjs.org/lodash/-/lodash-4.17.4.tgz",
          "integrity": "sha1-eCA6TRwyiuHYbcpkYONptX9AVa4="
        },
        "lru-cache": {
          "version": "4.0.1",
          "resolved": "https://registry.npmjs.org/lru-cache/-/lru-cache-4.0.1.tgz",
          "integrity": "sha1-E0OVXtry432bnn7nJB4nxLn7cr4="
        },
        "patrun": {
          "version": "0.5.1",
          "resolved": "https://registry.npmjs.org/patrun/-/patrun-0.5.1.tgz",
          "integrity": "sha1-W/83V/Tz/SvftqBNJ5QsvsPhLxw=",
          "dependencies": {
            "lodash": {
              "version": "4.15.0",
              "resolved": "https://registry.npmjs.org/lodash/-/lodash-4.15.0.tgz",
              "integrity": "sha1-MWI5HY8BQKoiz49rPDTWt/Y9Oqk="
            }
          }
        },
        "qs": {
          "version": "6.4.0",
          "resolved": "https://registry.npmjs.org/qs/-/qs-6.4.0.tgz",
          "integrity": "sha1-E+JtKK1rD/qpExLNO/cI7TUecjM="
        },
        "reconnect-core": {
          "version": "1.3.0",
          "resolved": "https://registry.npmjs.org/reconnect-core/-/reconnect-core-1.3.0.tgz",
          "integrity": "sha1-+65SkZp4d9hE4yRtAaLyZwHIM8g="
        },
        "semver": {
          "version": "5.3.0",
          "resolved": "https://registry.npmjs.org/semver/-/semver-5.3.0.tgz",
          "integrity": "sha1-myzl094C0XxgEq0yaqa00M9U+U8="
        },
        "seneca-transport": {
          "version": "2.1.1",
          "resolved": "https://registry.npmjs.org/seneca-transport/-/seneca-transport-2.1.1.tgz",
          "integrity": "sha1-/40aAzW/4DfKfO3fJ4KL3VUpKiI=",
          "dependencies": {
            "jsonic": {
              "version": "0.2.2",
              "resolved": "https://registry.npmjs.org/jsonic/-/jsonic-0.2.2.tgz",
              "integrity": "sha1-Enu5nfTYIWUsSKI9AlzysW5hhJE="
            },
            "lodash": {
              "version": "4.15.0",
              "resolved": "https://registry.npmjs.org/lodash/-/lodash-4.15.0.tgz",
              "integrity": "sha1-MWI5HY8BQKoiz49rPDTWt/Y9Oqk="
            },
            "patrun": {
              "version": "0.5.0",
              "resolved": "https://registry.npmjs.org/patrun/-/patrun-0.5.0.tgz",
              "integrity": "sha1-d6UfdzrEkxuzU/1B1Z3mR4/GEY0=",
              "dependencies": {
                "lodash": {
                  "version": "3.10.0",
                  "resolved": "https://registry.npmjs.org/lodash/-/lodash-3.10.0.tgz",
                  "integrity": "sha1-k9UcZygopEFqEq9XIguoqHN+L7s="
                }
              }
            },
            "qs": {
              "version": "6.2.1",
              "resolved": "https://registry.npmjs.org/qs/-/qs-6.2.1.tgz",
              "integrity": "sha1-zgPF/wk1vB2daanxTL0Y5WjWdiU="
            },
            "wreck": {
              "version": "9.0.0",
              "resolved": "https://registry.npmjs.org/wreck/-/wreck-9.0.0.tgz",
              "integrity": "sha1-HeY9SbsHuU/nGIZLi+YxduYzMew="
            }
          }
        },
        "use-plugin": {
          "version": "0.3.2",
          "resolved": "https://registry.npmjs.org/use-plugin/-/use-plugin-0.3.2.tgz",
          "integrity": "sha1-Afi4cvJMzepP15WPBX9NVb8f3/Q=",
          "dependencies": {
            "lodash": {
              "version": "4.15.0",
              "resolved": "https://registry.npmjs.org/lodash/-/lodash-4.15.0.tgz",
              "integrity": "sha1-MWI5HY8BQKoiz49rPDTWt/Y9Oqk="
            }
          }
        },
        "wreck": {
          "version": "12.2.0",
          "resolved": "https://registry.npmjs.org/wreck/-/wreck-12.2.0.tgz",
          "integrity": "sha1-ocM3HiFSv202AP9YG2acaKTT2Lg=",
          "dependencies": {
            "boom": {
              "version": "4.3.1",
              "resolved": "https://registry.npmjs.org/boom/-/boom-4.3.1.tgz",
              "integrity": "sha1-T4owBctKfjiJ90kDD9JbluAdLjE="
            }
          }
        }
      }
    },
    "seneca-auth": {
      "version": "https://registry.npmjs.org/seneca-auth/-/seneca-auth-1.1.0.tgz",
      "integrity": "sha1-w6+Wx0ixq1hGFHKkWIbqjMbUe2I=",
      "dependencies": {
        "eraro": {
          "version": "https://registry.npmjs.org/eraro/-/eraro-0.4.1.tgz",
          "integrity": "sha1-ZThzB2mh6J/8Pwx+LJTVofhmYp0=",
          "dependencies": {
            "lodash": {
              "version": "https://registry.npmjs.org/lodash/-/lodash-2.4.2.tgz",
              "integrity": "sha1-+t2DS5aDBz2hebPq5tnA0VBT9z4="
            }
          }
        },
        "lodash": {
          "version": "https://registry.npmjs.org/lodash/-/lodash-4.13.1.tgz",
          "integrity": "sha1-g+SxCRP0hJbU0W/sSlYK8u50S2g="
        }
      }
    },
    "seneca-balance-client": {
      "version": "0.6.1",
      "resolved": "https://registry.npmjs.org/seneca-balance-client/-/seneca-balance-client-0.6.1.tgz",
      "integrity": "sha1-ocfnNezsz33VAA9ljg1PHLV6HF8=",
      "dependencies": {
        "eraro": {
          "version": "0.4.1",
          "resolved": "https://registry.npmjs.org/eraro/-/eraro-0.4.1.tgz",
          "integrity": "sha1-ZThzB2mh6J/8Pwx+LJTVofhmYp0=",
          "dependencies": {
            "lodash": {
              "version": "2.4.2",
              "resolved": "https://registry.npmjs.org/lodash/-/lodash-2.4.2.tgz",
              "integrity": "sha1-+t2DS5aDBz2hebPq5tnA0VBT9z4="
            }
          }
        },
        "jsonic": {
          "version": "0.3.0",
          "resolved": "https://registry.npmjs.org/jsonic/-/jsonic-0.3.0.tgz",
          "integrity": "sha1-tUXalfVDkuWLPdoF9fLjd6bJ0b8="
        },
        "lodash": {
          "version": "4.17.4",
          "resolved": "https://registry.npmjs.org/lodash/-/lodash-4.17.4.tgz",
          "integrity": "sha1-eCA6TRwyiuHYbcpkYONptX9AVa4="
        }
      }
    },
    "seneca-demo-logger": {
      "version": "0.1.0",
      "resolved": "https://registry.npmjs.org/seneca-demo-logger/-/seneca-demo-logger-0.1.0.tgz",
      "integrity": "sha1-O12/GVqjYiFcnc47x7gbpFspIyc="
    },
    "seneca-entity": {
      "version": "https://registry.npmjs.org/seneca-entity/-/seneca-entity-1.2.0.tgz",
      "integrity": "sha1-1KVvc3EBR3E8KIUdy92sHuFK7uc=",
      "dependencies": {
        "eraro": {
          "version": "0.4.1",
          "resolved": "https://registry.npmjs.org/eraro/-/eraro-0.4.1.tgz",
          "integrity": "sha1-ZThzB2mh6J/8Pwx+LJTVofhmYp0=",
          "dependencies": {
            "lodash": {
              "version": "2.4.2",
              "resolved": "https://registry.npmjs.org/lodash/-/lodash-2.4.2.tgz",
              "integrity": "sha1-+t2DS5aDBz2hebPq5tnA0VBT9z4="
            }
          }
        },
        "lodash": {
          "version": "https://registry.npmjs.org/lodash/-/lodash-4.0.1.tgz",
          "integrity": "sha1-zYyQLJ4D8uac4+DkVtUFq4nrmPQ="
        }
      }
    },
    "seneca-local-auth": {
      "version": "https://registry.npmjs.org/seneca-local-auth/-/seneca-local-auth-0.1.2.tgz",
      "integrity": "sha1-SXenX2JGfFDP+DmEwEXOh+xDt0E=",
      "dependencies": {
        "eraro": {
          "version": "0.4.1",
          "resolved": "https://registry.npmjs.org/eraro/-/eraro-0.4.1.tgz",
          "integrity": "sha1-ZThzB2mh6J/8Pwx+LJTVofhmYp0=",
          "dependencies": {
            "lodash": {
              "version": "2.4.2",
              "resolved": "https://registry.npmjs.org/lodash/-/lodash-2.4.2.tgz",
              "integrity": "sha1-+t2DS5aDBz2hebPq5tnA0VBT9z4="
            }
          }
        },
        "lodash": {
          "version": "https://registry.npmjs.org/lodash/-/lodash-4.0.0.tgz",
          "integrity": "sha1-msQ4RMWV4o0wEIt7pYNwM5WSLfw="
        }
      }
    },
    "seneca-log-filter": {
      "version": "0.1.0",
      "resolved": "https://registry.npmjs.org/seneca-log-filter/-/seneca-log-filter-0.1.0.tgz",
      "integrity": "sha1-9RPed9/cwSACP4R6fGDO7Qr8ZrM=",
      "dependencies": {
        "lodash": {
          "version": "4.15.0",
          "resolved": "https://registry.npmjs.org/lodash/-/lodash-4.15.0.tgz",
          "integrity": "sha1-MWI5HY8BQKoiz49rPDTWt/Y9Oqk="
        }
      }
    },
    "seneca-mem-store": {
      "version": "https://registry.npmjs.org/seneca-mem-store/-/seneca-mem-store-0.5.0.tgz",
      "integrity": "sha1-LDgxkSMw+uMWI06prmiXNuB0Vzg=",
      "dependencies": {
        "lodash": {
          "version": "https://registry.npmjs.org/lodash/-/lodash-3.10.1.tgz",
          "integrity": "sha1-W/Rejkm6QYnhfUgnid/RW9FAt7Y="
        }
      }
    },
    "seneca-mesh": {
      "version": "0.9.0",
      "resolved": "https://registry.npmjs.org/seneca-mesh/-/seneca-mesh-0.9.0.tgz",
      "integrity": "sha1-Ac66k3ESyUKSuYVcWFmSzhTzsM4=",
      "dependencies": {
        "lodash": {
          "version": "4.15.0",
          "resolved": "https://registry.npmjs.org/lodash/-/lodash-4.15.0.tgz",
          "integrity": "sha1-MWI5HY8BQKoiz49rPDTWt/Y9Oqk="
        }
      }
    },
    "seneca-user": {
      "version": "https://registry.npmjs.org/seneca-user/-/seneca-user-1.1.0.tgz",
      "integrity": "sha1-4wNOEXvIqxoR9ikq99sZsZ+neRc=",
      "dependencies": {
        "eraro": {
          "version": "0.4.1",
          "resolved": "https://registry.npmjs.org/eraro/-/eraro-0.4.1.tgz",
          "integrity": "sha1-ZThzB2mh6J/8Pwx+LJTVofhmYp0=",
          "dependencies": {
            "lodash": {
              "version": "2.4.2",
              "resolved": "https://registry.npmjs.org/lodash/-/lodash-2.4.2.tgz",
              "integrity": "sha1-+t2DS5aDBz2hebPq5tnA0VBT9z4="
            }
          }
        },
        "lodash": {
          "version": "https://registry.npmjs.org/lodash/-/lodash-4.13.1.tgz",
          "integrity": "sha1-g+SxCRP0hJbU0W/sSlYK8u50S2g="
        }
      }
    },
    "seneca-web": {
      "version": "2.1.0",
      "resolved": "https://registry.npmjs.org/seneca-web/-/seneca-web-2.1.0.tgz",
      "integrity": "sha1-vzd+SRILNmaQbY8W3vDRPAdg6bg=",
      "dependencies": {
        "eraro": {
          "version": "0.4.1",
          "resolved": "https://registry.npmjs.org/eraro/-/eraro-0.4.1.tgz",
          "integrity": "sha1-ZThzB2mh6J/8Pwx+LJTVofhmYp0=",
          "dependencies": {
            "lodash": {
              "version": "2.4.2",
              "resolved": "https://registry.npmjs.org/lodash/-/lodash-2.4.2.tgz",
              "integrity": "sha1-+t2DS5aDBz2hebPq5tnA0VBT9z4="
            }
          }
        }
      }
    },
    "seneca-web-adapter-express": {
      "version": "1.0.2",
      "resolved": "https://registry.npmjs.org/seneca-web-adapter-express/-/seneca-web-adapter-express-1.0.2.tgz",
      "integrity": "sha1-aE2stVJCurosVBkup5Hux5VTwGk="
    },
    "serve-static": {
      "version": "1.11.2",
      "resolved": "https://registry.npmjs.org/serve-static/-/serve-static-1.11.2.tgz",
      "integrity": "sha1-LPmIm9RDWjIMw2iVyapXvWYuasc=",
      "dependencies": {
        "ms": {
          "version": "0.7.2",
          "resolved": "https://registry.npmjs.org/ms/-/ms-0.7.2.tgz",
          "integrity": "sha1-riXPJRKziFodldfwN4aNhDESR2U="
        },
        "send": {
          "version": "0.14.2",
          "resolved": "https://registry.npmjs.org/send/-/send-0.14.2.tgz",
          "integrity": "sha1-ObBDiz9RC+Xcb2Z6EfcWiTaM3u8="
        }
      }
    },
    "setprototypeof": {
      "version": "1.0.2",
      "resolved": "https://registry.npmjs.org/setprototypeof/-/setprototypeof-1.0.2.tgz",
      "integrity": "sha1-gaVSFB7BBLiOic44MQOtXGZWTQg="
    },
    "sliced": {
      "version": "https://registry.npmjs.org/sliced/-/sliced-1.0.1.tgz",
      "integrity": "sha1-CzpmK10Ewxd7GSa+qCsD+Dei70E="
    },
    "sneeze": {
      "version": "0.7.1",
      "resolved": "https://registry.npmjs.org/sneeze/-/sneeze-0.7.1.tgz",
      "integrity": "sha1-DE6i3MuNAQytCpbYKqyCfb1qXwU=",
      "dependencies": {
        "lodash": {
          "version": "4.5.0",
          "resolved": "https://registry.npmjs.org/lodash/-/lodash-4.5.0.tgz",
          "integrity": "sha1-IoSqBvWxNq29lUuQNRG2L8OdH1k="
        }
      }
    },
    "split2": {
      "version": "https://registry.npmjs.org/split2/-/split2-0.2.1.tgz",
      "integrity": "sha1-At2smtwD7Au3jBKC7Aecpuha6QA="
    },
    "statuses": {
      "version": "1.3.1",
      "resolved": "https://registry.npmjs.org/statuses/-/statuses-1.3.1.tgz",
      "integrity": "sha1-+vUbnrdKrvOzrPStX2Gr8ky3uT4="
    },
    "string": {
      "version": "https://registry.npmjs.org/string/-/string-3.3.1.tgz",
      "integrity": "sha1-jSdX7BwObFJnlvu2sUA2pAmDmLc="
    },
    "string_decoder": {
      "version": "https://registry.npmjs.org/string_decoder/-/string_decoder-0.10.31.tgz",
      "integrity": "sha1-YuIDvEF2bGwoyfyEMB2rHFMQ+pQ="
    },
    "swim": {
      "version": "https://registry.npmjs.org/swim/-/swim-0.3.0.tgz",
      "integrity": "sha1-mFIEigbgkn2BQorV5S6Hg+Q5Rq8="
    },
    "through2": {
      "version": "https://registry.npmjs.org/through2/-/through2-0.6.5.tgz",
      "integrity": "sha1-QaucZ7KdVyCQcUEOHXp6lozTrUg="
    },
    "topo": {
      "version": "https://registry.npmjs.org/topo/-/topo-2.0.2.tgz",
      "integrity": "sha1-zVYVdSU5BXwNwEkaYhw7xvvh0YI="
    },
    "type-is": {
      "version": "1.6.15",
      "resolved": "https://registry.npmjs.org/type-is/-/type-is-1.6.15.tgz",
      "integrity": "sha1-yrEPtJCeRByChC6v4a1kbIGARBA="
    },
    "typedarray": {
      "version": "https://registry.npmjs.org/typedarray/-/typedarray-0.0.6.tgz",
      "integrity": "sha1-hnrHTjhkGHsdPUfZlqeOxciDB3c="
    },
    "unpipe": {
      "version": "https://registry.npmjs.org/unpipe/-/unpipe-1.0.0.tgz",
      "integrity": "sha1-sr9O6FFKrmFltIF4KdIbLvSZBOw="
    },
    "util-deprecate": {
      "version": "1.0.2",
      "resolved": "https://registry.npmjs.org/util-deprecate/-/util-deprecate-1.0.2.tgz",
      "integrity": "sha1-RQ1Nyfpw3nMnYvvS1KKJgUGaDM8="
    },
    "utils-merge": {
      "version": "https://registry.npmjs.org/utils-merge/-/utils-merge-1.0.0.tgz",
      "integrity": "sha1-ApT7kiu5N1FTVBxPcJYjHyh8ivg="
    },
    "vary": {
      "version": "1.1.1",
      "resolved": "https://registry.npmjs.org/vary/-/vary-1.1.1.tgz",
      "integrity": "sha1-Z1Neu2lMHVIldFeYRmUyP1h+jTc="
    },
    "xtend": {
      "version": "https://registry.npmjs.org/xtend/-/xtend-4.0.1.tgz",
      "integrity": "sha1-pcbVMr5lbiPbgg77lDofBJmNY68="
    },
    "yallist": {
      "version": "https://registry.npmjs.org/yallist/-/yallist-2.0.0.tgz",
      "integrity": "sha1-MGxUODXwnuGkyyO3vOmrNByRzdQ="
    }
  }
}
