{
  "name": "base",
  "version": "0.1.0",
  "lockfileVersion": 1,
  "dependencies": {
    "archy": {
      "version": "1.0.0",
      "resolved": "https://registry.npmjs.org/archy/-/archy-1.0.0.tgz",
      "integrity": "sha1-+cjBN1fMHde8N5rHeyxipcKGjEA="
    },
    "backoff": {
      "version": "2.5.0",
      "resolved": "https://registry.npmjs.org/backoff/-/backoff-2.5.0.tgz",
      "integrity": "sha1-9hbtqdPktmuMp/ynn2lXIsX44m8="
    },
    "boom": {
      "version": "3.2.2",
      "resolved": "https://registry.npmjs.org/boom/-/boom-3.2.2.tgz",
      "integrity": "sha1-DwzF0ErcUAO4x9cfQsynJx/vDng="
    },
    "clone": {
      "version": "1.0.2",
      "resolved": "https://registry.npmjs.org/clone/-/clone-1.0.2.tgz",
      "integrity": "sha1-Jgt6meux7f4kdTgXX3gyQ8sZ0Uk="
    },
    "commander": {
      "version": "2.11.0",
      "resolved": "https://registry.npmjs.org/commander/-/commander-2.11.0.tgz",
      "integrity": "sha512-b0553uYA5YAEGgyYIGYROzKQ7X5RAqedkfjiZxwi0kL1g3bOaBNNZfYkzt/CL0umgD5wc9Jec2FbB98CjkMRvQ=="
    },
    "core-util-is": {
      "version": "1.0.2",
      "resolved": "https://registry.npmjs.org/core-util-is/-/core-util-is-1.0.2.tgz",
      "integrity": "sha1-tf1UIgqivFq1eqtxQMlAdUUDwac="
    },
    "debug": {
      "version": "2.6.8",
      "resolved": "https://registry.npmjs.org/debug/-/debug-2.6.8.tgz",
      "integrity": "sha1-5zFTHKLt4n0YgiJCfaF4IdaP9Pw="
    },
    "eraro": {
      "version": "0.4.1",
      "resolved": "https://registry.npmjs.org/eraro/-/eraro-0.4.1.tgz",
      "integrity": "sha1-ZThzB2mh6J/8Pwx+LJTVofhmYp0=",
      "dependencies": {
        "lodash": {
          "version": "2.4.2",
          "resolved": "https://registry.npmjs.org/lodash/-/lodash-2.4.2.tgz",
          "integrity": "sha1-+t2DS5aDBz2hebPq5tnA0VBT9z4="
        }
      }
    },
    "farmhash": {
      "version": "1.2.1",
      "resolved": "https://registry.npmjs.org/farmhash/-/farmhash-1.2.1.tgz",
      "integrity": "sha1-Lb8SYE71yh8UIPtmAPzLMNVHTf0="
    },
    "gate-executor": {
      "version": "1.0.0",
      "resolved": "https://registry.npmjs.org/gate-executor/-/gate-executor-1.0.0.tgz",
      "integrity": "sha1-U+XB5dDD+BSb0EpvZ3ta+gPVw0U="
    },
    "gex": {
      "version": "0.2.2",
      "resolved": "https://registry.npmjs.org/gex/-/gex-0.2.2.tgz",
      "integrity": "sha1-LUCdJDCVlwjaVc9WKUxk9tiXNIc=",
      "dependencies": {
        "lodash": {
          "version": "3.10.0",
          "resolved": "https://registry.npmjs.org/lodash/-/lodash-3.10.0.tgz",
          "integrity": "sha1-k9UcZygopEFqEq9XIguoqHN+L7s="
        }
      }
    },
    "hoek": {
      "version": "4.1.1",
      "resolved": "https://registry.npmjs.org/hoek/-/hoek-4.1.1.tgz",
      "integrity": "sha1-nMVz/7ore0CPtenCoTeWvpTN3Ok="
    },
    "inherits": {
      "version": "2.0.3",
      "resolved": "https://registry.npmjs.org/inherits/-/inherits-2.0.3.tgz",
      "integrity": "sha1-Yzwsg+PaQqUC9SRmAiSA9CCCYd4="
    },
    "ip": {
      "version": "1.1.3",
      "resolved": "https://registry.npmjs.org/ip/-/ip-1.1.3.tgz",
      "integrity": "sha1-ErFilKOJJUhtYYoRA1BuTrT4spY="
    },
    "isarray": {
      "version": "0.0.1",
      "resolved": "https://registry.npmjs.org/isarray/-/isarray-0.0.1.tgz",
      "integrity": "sha1-ihis/Kmo9Bd+Cav8YDiTmwXR7t8="
    },
    "isemail": {
      "version": "2.2.1",
      "resolved": "https://registry.npmjs.org/isemail/-/isemail-2.2.1.tgz",
      "integrity": "sha1-A1PT2aYpUQgMJiwqoKQrjqjp4qY="
    },
    "items": {
      "version": "2.1.1",
      "resolved": "https://registry.npmjs.org/items/-/items-2.1.1.tgz",
      "integrity": "sha1-i9FtnIOxlSneWuoyGsqtp4NkoZg="
    },
    "joi": {
      "version": "9.0.4",
      "resolved": "https://registry.npmjs.org/joi/-/joi-9.0.4.tgz",
      "integrity": "sha1-iNZIkJFavrEnzXVwJxFtUN8+aN8="
    },
    "jsonic": {
      "version": "0.2.2",
      "resolved": "https://registry.npmjs.org/jsonic/-/jsonic-0.2.2.tgz",
      "integrity": "sha1-Enu5nfTYIWUsSKI9AlzysW5hhJE="
    },
    "lodash": {
      "version": "4.15.0",
      "resolved": "https://registry.npmjs.org/lodash/-/lodash-4.15.0.tgz",
      "integrity": "sha1-MWI5HY8BQKoiz49rPDTWt/Y9Oqk="
    },
    "lru-cache": {
      "version": "4.0.1",
      "resolved": "https://registry.npmjs.org/lru-cache/-/lru-cache-4.0.1.tgz",
      "integrity": "sha1-E0OVXtry432bnn7nJB4nxLn7cr4="
    },
    "minimist": {
      "version": "1.2.0",
      "resolved": "https://registry.npmjs.org/minimist/-/minimist-1.2.0.tgz",
      "integrity": "sha1-o1AIsg9BOD7sH7kU9M1d95omQoQ="
    },
    "moment": {
      "version": "2.18.1",
      "resolved": "https://registry.npmjs.org/moment/-/moment-2.18.1.tgz",
      "integrity": "sha1-w2GT3Tzhwu7SrbfIAtu8d6gbHA8="
    },
    "ms": {
      "version": "2.0.0",
      "resolved": "https://registry.npmjs.org/ms/-/ms-2.0.0.tgz",
      "integrity": "sha1-VgiurfwAvmwpAd9fmGF4jeDVl8g="
    },
    "msgpack": {
      "version": "1.0.2",
      "resolved": "https://registry.npmjs.org/msgpack/-/msgpack-1.0.2.tgz",
      "integrity": "sha1-kj4sXP+mXIQY6bIo0RJHk5acQpw="
    },
    "nan": {
      "version": "2.6.2",
      "resolved": "https://registry.npmjs.org/nan/-/nan-2.6.2.tgz",
      "integrity": "sha1-5P805slf37WuzAjeZZb0NgWn20U="
    },
    "ndjson": {
      "version": "1.4.3",
      "resolved": "https://registry.npmjs.org/ndjson/-/ndjson-1.4.3.tgz",
      "integrity": "sha1-eqAm/jqzin2horStB7EAjnM+sjk="
    },
    "nid": {
      "version": "0.3.2",
      "resolved": "https://registry.npmjs.org/nid/-/nid-0.3.2.tgz",
      "integrity": "sha1-l3qTGO1cKjjt1mJj8+r9gUPyJRo="
    },
    "node-discover": {
      "version": "0.6.0",
      "resolved": "https://registry.npmjs.org/node-discover/-/node-discover-0.6.0.tgz",
      "integrity": "sha1-ajFvVTeqTeyQbpywQ6ArT9NEs2Q="
    },
    "node-uuid": {
      "version": "1.4.8",
      "resolved": "https://registry.npmjs.org/node-uuid/-/node-uuid-1.4.8.tgz",
      "integrity": "sha1-sEDrCSOWivq/jTL7HxfxFn/auQc="
    },
    "norma": {
      "version": "0.3.0",
      "resolved": "https://registry.npmjs.org/norma/-/norma-0.3.0.tgz",
      "integrity": "sha1-JyZcNBEBjDLJPucZ9pLPkN7Fq2Q=",
      "dependencies": {
        "lodash": {
          "version": "2.4.2",
          "resolved": "https://registry.npmjs.org/lodash/-/lodash-2.4.2.tgz",
          "integrity": "sha1-+t2DS5aDBz2hebPq5tnA0VBT9z4="
        }
      }
    },
    "optioner": {
      "version": "0.8.0",
      "resolved": "https://registry.npmjs.org/optioner/-/optioner-0.8.0.tgz",
      "integrity": "sha1-5hhOs3m0NODl+Ev5fcvIDkCDwbI=",
      "dependencies": {
        "hoek": {
          "version": "4.0.1",
          "resolved": "https://registry.npmjs.org/hoek/-/hoek-4.0.1.tgz",
          "integrity": "sha1-FAsWVI/hYm2R0k9JFMRMi/2pUuM="
        }
      }
    },
    "patrun": {
      "version": "0.5.0",
      "resolved": "https://registry.npmjs.org/patrun/-/patrun-0.5.0.tgz",
      "integrity": "sha1-d6UfdzrEkxuzU/1B1Z3mR4/GEY0=",
      "dependencies": {
        "lodash": {
          "version": "3.10.0",
          "resolved": "https://registry.npmjs.org/lodash/-/lodash-3.10.0.tgz",
          "integrity": "sha1-k9UcZygopEFqEq9XIguoqHN+L7s="
        }
      }
    },
    "precond": {
      "version": "0.2.3",
      "resolved": "https://registry.npmjs.org/precond/-/precond-0.2.3.tgz",
      "integrity": "sha1-qpWRvKokkj8eD0hJ0kD0fvwQdaw="
    },
    "pseudomap": {
      "version": "1.0.2",
      "resolved": "https://registry.npmjs.org/pseudomap/-/pseudomap-1.0.2.tgz",
      "integrity": "sha1-8FKijacOYYkX7wqKw0wa5aaChrM="
    },
    "qs": {
      "version": "6.2.1",
      "resolved": "https://registry.npmjs.org/qs/-/qs-6.2.1.tgz",
      "integrity": "sha1-zgPF/wk1vB2daanxTL0Y5WjWdiU="
    },
    "readable-stream": {
      "version": "1.0.34",
      "resolved": "https://registry.npmjs.org/readable-stream/-/readable-stream-1.0.34.tgz",
      "integrity": "sha1-Elgg40vIQtLyqq+v5MKRbuMsFXw="
    },
    "reconnect-core": {
      "version": "1.3.0",
      "resolved": "https://registry.npmjs.org/reconnect-core/-/reconnect-core-1.3.0.tgz",
      "integrity": "sha1-+65SkZp4d9hE4yRtAaLyZwHIM8g="
    },
    "rif": {
      "version": "0.3.0",
      "resolved": "https://registry.npmjs.org/rif/-/rif-0.3.0.tgz",
      "integrity": "sha1-aa3Lq8u/rAoRSUlGPRph4ttAkXQ="
    },
    "rolling-stats": {
      "version": "0.1.1",
      "resolved": "https://registry.npmjs.org/rolling-stats/-/rolling-stats-0.1.1.tgz",
      "integrity": "sha1-zVr3dKiJOzCmdIMvovSrqkeM/IA="
    },
    "semver": {
      "version": "5.3.0",
      "resolved": "https://registry.npmjs.org/semver/-/semver-5.3.0.tgz",
      "integrity": "sha1-myzl094C0XxgEq0yaqa00M9U+U8="
    },
    "seneca": {
      "version": "3.0.0",
      "resolved": "https://registry.npmjs.org/seneca/-/seneca-3.0.0.tgz",
      "integrity": "sha1-8FCYjDGwYvGml4qgPU8BZEJ75uw="
    },
    "seneca-balance-client": {
      "version": "0.6.1",
      "resolved": "https://registry.npmjs.org/seneca-balance-client/-/seneca-balance-client-0.6.1.tgz",
      "integrity": "sha1-ocfnNezsz33VAA9ljg1PHLV6HF8=",
      "dependencies": {
        "jsonic": {
          "version": "0.3.0",
          "resolved": "https://registry.npmjs.org/jsonic/-/jsonic-0.3.0.tgz",
          "integrity": "sha1-tUXalfVDkuWLPdoF9fLjd6bJ0b8="
        },
        "lodash": {
          "version": "4.17.4",
          "resolved": "https://registry.npmjs.org/lodash/-/lodash-4.17.4.tgz",
          "integrity": "sha1-eCA6TRwyiuHYbcpkYONptX9AVa4="
        }
      }
    },
    "seneca-demo-logger": {
      "version": "0.1.0",
      "resolved": "https://registry.npmjs.org/seneca-demo-logger/-/seneca-demo-logger-0.1.0.tgz",
      "integrity": "sha1-O12/GVqjYiFcnc47x7gbpFspIyc="
    },
    "seneca-mesh": {
      "version": "0.9.0",
      "resolved": "https://registry.npmjs.org/seneca-mesh/-/seneca-mesh-0.9.0.tgz",
      "integrity": "sha1-Ac66k3ESyUKSuYVcWFmSzhTzsM4="
    },
    "seneca-transport": {
      "version": "2.1.0",
      "resolved": "https://registry.npmjs.org/seneca-transport/-/seneca-transport-2.1.0.tgz",
      "integrity": "sha1-BmdZOPPG8gvxtvtLVIB+yYRrPsc="
    },
    "sneeze": {
      "version": "0.7.1",
      "resolved": "https://registry.npmjs.org/sneeze/-/sneeze-0.7.1.tgz",
      "integrity": "sha1-DE6i3MuNAQytCpbYKqyCfb1qXwU=",
      "dependencies": {
        "lodash": {
          "version": "4.5.0",
          "resolved": "https://registry.npmjs.org/lodash/-/lodash-4.5.0.tgz",
          "integrity": "sha1-IoSqBvWxNq29lUuQNRG2L8OdH1k="
        }
      }
    },
    "split2": {
      "version": "0.2.1",
      "resolved": "https://registry.npmjs.org/split2/-/split2-0.2.1.tgz",
      "integrity": "sha1-At2smtwD7Au3jBKC7Aecpuha6QA="
    },
    "string_decoder": {
      "version": "0.10.31",
      "resolved": "https://registry.npmjs.org/string_decoder/-/string_decoder-0.10.31.tgz",
      "integrity": "sha1-YuIDvEF2bGwoyfyEMB2rHFMQ+pQ="
    },
    "swim": {
      "version": "0.3.0",
      "resolved": "https://registry.npmjs.org/swim/-/swim-0.3.0.tgz",
      "integrity": "sha1-mFIEigbgkn2BQorV5S6Hg+Q5Rq8="
    },
    "through2": {
      "version": "0.6.5",
      "resolved": "https://registry.npmjs.org/through2/-/through2-0.6.5.tgz",
      "integrity": "sha1-QaucZ7KdVyCQcUEOHXp6lozTrUg="
    },
    "topo": {
      "version": "2.0.2",
      "resolved": "https://registry.npmjs.org/topo/-/topo-2.0.2.tgz",
      "integrity": "sha1-zVYVdSU5BXwNwEkaYhw7xvvh0YI="
    },
    "use-plugin": {
      "version": "0.3.1",
      "resolved": "https://registry.npmjs.org/use-plugin/-/use-plugin-0.3.1.tgz",
      "integrity": "sha1-XZafuZq1XOTxr5BsmXgjKnWJIa8=",
      "dependencies": {
        "lodash": {
          "version": "2.4.2",
          "resolved": "https://registry.npmjs.org/lodash/-/lodash-2.4.2.tgz",
          "integrity": "sha1-+t2DS5aDBz2hebPq5tnA0VBT9z4="
        }
      }
    },
    "wreck": {
      "version": "9.0.0",
      "resolved": "https://registry.npmjs.org/wreck/-/wreck-9.0.0.tgz",
      "integrity": "sha1-HeY9SbsHuU/nGIZLi+YxduYzMew="
    },
    "xtend": {
      "version": "4.0.1",
      "resolved": "https://registry.npmjs.org/xtend/-/xtend-4.0.1.tgz",
      "integrity": "sha1-pcbVMr5lbiPbgg77lDofBJmNY68="
    },
    "yallist": {
      "version": "2.1.2",
      "resolved": "https://registry.npmjs.org/yallist/-/yallist-2.1.2.tgz",
      "integrity": "sha1-HBH5IY8HYImkfdUS+TxmmaaoHVI="
    }
  }
}
